
Microsoft Visual Studio Solution File, Format Version 12.00
# Visual Studio Version 17
VisualStudioVersion = 17.3.32929.385
MinimumVisualStudioVersion = 10.0.40219.1
Project("{FAE04EC0-301F-11D3-BF4B-00C04F79EFBC}") = "Dinheiro", "Dinheiro\Dinheiro.csproj", "{9D31F11B-059C-4A37-8921-8EB36773CF85}"
EndProject
Project("{FAE04EC0-301F-11D3-BF4B-00C04F79EFBC}") = "Verificador", "Verificador\Verificador.csproj", "{7321A6FC-FDE6-4BE0-AD98-F1CAD3DCEB9B}"
EndProject
Project("{FAE04EC0-301F-11D3-BF4B-00C04F79EFBC}") = "DataHoraValor", "DataHoraValor\DataHoraValor.csproj", "{93129E08-9E60-408C-9226-A99D9E8EE973}"
EndProject
Global
	GlobalSection(SolutionConfigurationPlatforms) = preSolution
		Debug|Any CPU = Debug|Any CPU
		Release|Any CPU = Release|Any CPU
	EndGlobalSection
	GlobalSection(ProjectConfigurationPlatforms) = postSolution
		{9D31F11B-059C-4A37-8921-8EB36773CF85}.Debug|Any CPU.ActiveCfg = Debug|Any CPU
		{9D31F11B-059C-4A37-8921-8EB36773CF85}.Debug|Any CPU.Build.0 = Debug|Any CPU
		{9D31F11B-059C-4A37-8921-8EB36773CF85}.Release|Any CPU.ActiveCfg = Release|Any CPU
		{9D31F11B-059C-4A37-8921-8EB36773CF85}.Release|Any CPU.Build.0 = Release|Any CPU
		{7321A6FC-FDE6-4BE0-AD98-F1CAD3DCEB9B}.Debug|Any CPU.ActiveCfg = Debug|Any CPU
		{7321A6FC-FDE6-4BE0-AD98-F1CAD3DCEB9B}.Debug|Any CPU.Build.0 = Debug|Any CPU
		{7321A6FC-FDE6-4BE0-AD98-F1CAD3DCEB9B}.Release|Any CPU.ActiveCfg = Release|Any CPU
		{7321A6FC-FDE6-4BE0-AD98-F1CAD3DCEB9B}.Release|Any CPU.Build.0 = Release|Any CPU
		{93129E08-9E60-408C-9226-A99D9E8EE973}.Debug|Any CPU.ActiveCfg = Debug|Any CPU
		{93129E08-9E60-408C-9226-A99D9E8EE973}.Debug|Any CPU.Build.0 = Debug|Any CPU
		{93129E08-9E60-408C-9226-A99D9E8EE973}.Release|Any CPU.ActiveCfg = Release|Any CPU
		{93129E08-9E60-408C-9226-A99D9E8EE973}.Release|Any CPU.Build.0 = Release|Any CPU
	EndGlobalSection
	GlobalSection(SolutionProperties) = preSolution
		HideSolutionNode = FALSE
	EndGlobalSection
	GlobalSection(ExtensibilityGlobals) = postSolution
		SolutionGuid = {5832D3EB-1AE7-41B0-B76F-E78FF92EB44F}
	EndGlobalSection
EndGlobal
